<?xml version="1.0" encoding="UTF-8" standalone="yes" ?>
<CodeBlocks_project_file>
	<FileVersion major="1" minor="6" />
	<Project>
		<Option title="parcial motos" />
		<Option pch_mode="2" />
		<Option compiler="gcc" />
		<Build>
			<Target title="Debug">
				<Option output="bin/Debug/trabajopractico2" prefix_auto="1" extension_auto="1" />
				<Option object_output="obj/Debug/" />
				<Option type="1" />
				<Option compiler="gcc" />
				<Compiler>
					<Add option="-g" />
				</Compiler>
			</Target>
			<Target title="Release">
				<Option output="bin/Release/trabajopractico2" prefix_auto="1" extension_auto="1" />
				<Option object_output="obj/Release/" />
				<Option type="1" />
				<Option compiler="gcc" />
				<Compiler>
					<Add option="-O2" />
				</Compiler>
				<Linker>
					<Add option="-s" />
				</Linker>
			</Target>
		</Build>
		<Compiler>
			<Add option="-Wall" />
		</Compiler>
		<Unit filename="dataStore.h" />
		<Unit filename="eCliente.c">
			<Option compilerVar="CC" />
		</Unit>
		<Unit filename="eCliente.h" />
		<Unit filename="eColor.c">
			<Option compilerVar="CC" />
		</Unit>
		<Unit filename="eColor.h" />
		<Unit filename="eFecha.c">
			<Option compilerVar="CC" />
		</Unit>
		<Unit filename="eFecha.h" />
		<Unit filename="eMoto.c">
			<Option compilerVar="CC" />
		</Unit>
		<Unit filename="eMoto.h" />
		<Unit filename="eServicio.c">
			<Option compilerVar="CC" />
		</Unit>
		<Unit filename="eServicio.h" />
		<Unit filename="eTipo.c">
			<Option compilerVar="CC" />
		</Unit>
		<Unit filename="eTipo.h" />
		<Unit filename="eTrabajo.c">
			<Option compilerVar="CC" />
		</Unit>
		<Unit filename="eTrabajo.h" />
		<Unit filename="main.c">
			<Option compilerVar="CC" />
		</Unit>
		<Unit filename="validaciones.c">
			<Option compilerVar="CC" />
		</Unit>
		<Unit filename="validaciones.h" />
		<Extensions>
			<lib_finder disable_auto="1" />
		</Extensions>
	</Project>
</CodeBlocks_project_file>
